
Microsoft Visual Studio Solution File, Format Version 12.00
# Visual Studio Version 17
VisualStudioVersion = 17.0.31903.59
MinimumVisualStudioVersion = 10.0.40219.1
Project("{2150E333-8FDC-42A3-9474-1A3956D46DE8}") = "src", "src", "{86524F35-96CB-4E16-B63A-0E9554D27B60}"
EndProject
Project("{FAE04EC0-301F-11D3-BF4B-00C04F79EFBC}") = "CheckmkDesktopNotifier.Core", "src\CheckmkDesktopNotifier.Core\CheckmkDesktopNotifier.Core.csproj", "{9E825EF4-40F4-4DD8-A39F-4B74250E6A5B}"
EndProject
Project("{2150E333-8FDC-42A3-9474-1A3956D46DE8}") = "tests", "tests", "{4FE3F94D-9B8B-46C5-9E11-601F5833E36B}"
EndProject
Project("{FAE04EC0-301F-11D3-BF4B-00C04F79EFBC}") = "CheckmkDesktopNotifier.Core.Tests", "tests\CheckmkDesktopNotifier.Core.Tests\CheckmkDesktopNotifier.Core.Tests.csproj", "{7F1EA555-6B07-43C9-8592-26C97BEF2C2E}"
EndProject
Project("{FAE04EC0-301F-11D3-BF4B-00C04F79EFBC}") = "CheckmkDesktopNotifier.App", "src\CheckmkDesktopNotifier.App\CheckmkDesktopNotifier.App.csproj", "{5EBF58F3-6251-4C65-8279-258D8C19405F}"
EndProject
Project("{FAE04EC0-301F-11D3-BF4B-00C04F79EFBC}") = "CheckmkDesktopNotifier.Infrastructure", "src\CheckmkDesktopNotifier.Infrastructure\CheckmkDesktopNotifier.Infrastructure.csproj", "{B15DED51-6B3F-4AFE-8B1C-C2EE8E6A4DEB}"
EndProject
Project("{FAE04EC0-301F-11D3-BF4B-00C04F79EFBC}") = "CheckmkDesktopNotifier.Platform.Windows", "src\CheckmkDesktopNotifier.Platform.Windows\CheckmkDesktopNotifier.Platform.Windows.csproj", "{A3F1C8E2-9B47-4D6A-8E21-7C4F0B91D5A8}"
EndProject
Project("{FAE04EC0-301F-11D3-BF4B-00C04F79EFBC}") = "CheckmkDesktopNotifier.ConnectionTest", "src\CheckmkDesktopNotifier.ConnectionTest\CheckmkDesktopNotifier.ConnectionTest.csproj", "{E84EEA7A-2269-4E2F-B5A7-41AE3E527368}"
EndProject
Project("{FAE04EC0-301F-11D3-BF4B-00C04F79EFBC}") = "CheckmkDesktopNotifier.Infrastructure.Tests", "tests\CheckmkDesktopNotifier.Infrastructure.Tests\CheckmkDesktopNotifier.Infrastructure.Tests.csproj", "{7E0E8A46-37DD-4D08-B2B1-A6A4DA473EF8}"
EndProject
Project("{FAE04EC0-301F-11D3-BF4B-00C04F79EFBC}") = "CheckmkDesktopNotifier.Platform.MacOS", "src\CheckmkDesktopNotifier.Platform.MacOS\CheckmkDesktopNotifier.Platform.MacOS.csproj", "{FEAA1D3C-10AA-4048-93A5-88C17B147440}"
EndProject
Project("{FAE04EC0-301F-11D3-BF4B-00C04F79EFBC}") = "CheckmkDesktopNotifier.App.MacOS", "src\CheckmkDesktopNotifier.App.MacOS\CheckmkDesktopNotifier.App.MacOS.csproj", "{E6E362CA-AC31-4226-8AB2-48F98297F92B}"
EndProject
Project("{FAE04EC0-301F-11D3-BF4B-00C04F79EFBC}") = "CheckmkDesktopNotifier.Platform.MacOS.Tests", "tests\CheckmkDesktopNotifier.Platform.MacOS.Tests\CheckmkDesktopNotifier.Platform.MacOS.Tests.csproj", "{D383937C-58D8-4F46-81AB-1122616594D7}"
EndProject
Global
	GlobalSection(SolutionConfigurationPlatforms) = preSolution
		Debug|Any CPU = Debug|Any CPU
		Release|Any CPU = Release|Any CPU
	EndGlobalSection
	GlobalSection(SolutionProperties) = preSolution
		HideSolutionNode = FALSE
	EndGlobalSection
	GlobalSection(ProjectConfigurationPlatforms) = postSolution
		{9E825EF4-40F4-4DD8-A39F-4B74250E6A5B}.Debug|Any CPU.ActiveCfg = Debug|Any CPU
		{9E825EF4-40F4-4DD8-A39F-4B74250E6A5B}.Debug|Any CPU.Build.0 = Debug|Any CPU
		{9E825EF4-40F4-4DD8-A39F-4B74250E6A5B}.Release|Any CPU.ActiveCfg = Release|Any CPU
		{9E825EF4-40F4-4DD8-A39F-4B74250E6A5B}.Release|Any CPU.Build.0 = Release|Any CPU
		{7F1EA555-6B07-43C9-8592-26C97BEF2C2E}.Debug|Any CPU.ActiveCfg = Debug|Any CPU
		{7F1EA555-6B07-43C9-8592-26C97BEF2C2E}.Debug|Any CPU.Build.0 = Debug|Any CPU
		{7F1EA555-6B07-43C9-8592-26C97BEF2C2E}.Release|Any CPU.ActiveCfg = Release|Any CPU
		{7F1EA555-6B07-43C9-8592-26C97BEF2C2E}.Release|Any CPU.Build.0 = Release|Any CPU
		{5EBF58F3-6251-4C65-8279-258D8C19405F}.Debug|Any CPU.ActiveCfg = Debug|Any CPU
		{5EBF58F3-6251-4C65-8279-258D8C19405F}.Debug|Any CPU.Build.0 = Debug|Any CPU
		{5EBF58F3-6251-4C65-8279-258D8C19405F}.Release|Any CPU.ActiveCfg = Release|Any CPU
		{5EBF58F3-6251-4C65-8279-258D8C19405F}.Release|Any CPU.Build.0 = Release|Any CPU
		{B15DED51-6B3F-4AFE-8B1C-C2EE8E6A4DEB}.Debug|Any CPU.ActiveCfg = Debug|Any CPU
		{B15DED51-6B3F-4AFE-8B1C-C2EE8E6A4DEB}.Debug|Any CPU.Build.0 = Debug|Any CPU
		{B15DED51-6B3F-4AFE-8B1C-C2EE8E6A4DEB}.Release|Any CPU.ActiveCfg = Release|Any CPU
		{B15DED51-6B3F-4AFE-8B1C-C2EE8E6A4DEB}.Release|Any CPU.Build.0 = Release|Any CPU
		{A3F1C8E2-9B47-4D6A-8E21-7C4F0B91D5A8}.Debug|Any CPU.ActiveCfg = Debug|Any CPU
		{A3F1C8E2-9B47-4D6A-8E21-7C4F0B91D5A8}.Debug|Any CPU.Build.0 = Debug|Any CPU
		{A3F1C8E2-9B47-4D6A-8E21-7C4F0B91D5A8}.Release|Any CPU.ActiveCfg = Release|Any CPU
		{A3F1C8E2-9B47-4D6A-8E21-7C4F0B91D5A8}.Release|Any CPU.Build.0 = Release|Any CPU
		{E84EEA7A-2269-4E2F-B5A7-41AE3E527368}.Debug|Any CPU.ActiveCfg = Debug|Any CPU
		{E84EEA7A-2269-4E2F-B5A7-41AE3E527368}.Debug|Any CPU.Build.0 = Debug|Any CPU
		{E84EEA7A-2269-4E2F-B5A7-41AE3E527368}.Release|Any CPU.ActiveCfg = Release|Any CPU
		{E84EEA7A-2269-4E2F-B5A7-41AE3E527368}.Release|Any CPU.Build.0 = Release|Any CPU
		{7E0E8A46-37DD-4D08-B2B1-A6A4DA473EF8}.Debug|Any CPU.ActiveCfg = Debug|Any CPU
		{7E0E8A46-37DD-4D08-B2B1-A6A4DA473EF8}.Debug|Any CPU.Build.0 = Debug|Any CPU
		{7E0E8A46-37DD-4D08-B2B1-A6A4DA473EF8}.Release|Any CPU.ActiveCfg = Release|Any CPU
		{7E0E8A46-37DD-4D08-B2B1-A6A4DA473EF8}.Release|Any CPU.Build.0 = Release|Any CPU
		{FEAA1D3C-10AA-4048-93A5-88C17B147440}.Debug|Any CPU.ActiveCfg = Debug|Any CPU
		{FEAA1D3C-10AA-4048-93A5-88C17B147440}.Debug|Any CPU.Build.0 = Debug|Any CPU
		{FEAA1D3C-10AA-4048-93A5-88C17B147440}.Release|Any CPU.ActiveCfg = Release|Any CPU
		{FEAA1D3C-10AA-4048-93A5-88C17B147440}.Release|Any CPU.Build.0 = Release|Any CPU
		{E6E362CA-AC31-4226-8AB2-48F98297F92B}.Debug|Any CPU.ActiveCfg = Debug|Any CPU
		{E6E362CA-AC31-4226-8AB2-48F98297F92B}.Debug|Any CPU.Build.0 = Debug|Any CPU
		{E6E362CA-AC31-4226-8AB2-48F98297F92B}.Release|Any CPU.ActiveCfg = Release|Any CPU
		{E6E362CA-AC31-4226-8AB2-48F98297F92B}.Release|Any CPU.Build.0 = Release|Any CPU
		{D383937C-58D8-4F46-81AB-1122616594D7}.Debug|Any CPU.ActiveCfg = Debug|Any CPU
		{D383937C-58D8-4F46-81AB-1122616594D7}.Debug|Any CPU.Build.0 = Debug|Any CPU
		{D383937C-58D8-4F46-81AB-1122616594D7}.Release|Any CPU.ActiveCfg = Release|Any CPU
		{D383937C-58D8-4F46-81AB-1122616594D7}.Release|Any CPU.Build.0 = Release|Any CPU
	EndGlobalSection
	GlobalSection(NestedProjects) = preSolution
		{9E825EF4-40F4-4DD8-A39F-4B74250E6A5B} = {86524F35-96CB-4E16-B63A-0E9554D27B60}
		{7F1EA555-6B07-43C9-8592-26C97BEF2C2E} = {4FE3F94D-9B8B-46C5-9E11-601F5833E36B}
		{5EBF58F3-6251-4C65-8279-258D8C19405F} = {86524F35-96CB-4E16-B63A-0E9554D27B60}
		{B15DED51-6B3F-4AFE-8B1C-C2EE8E6A4DEB} = {86524F35-96CB-4E16-B63A-0E9554D27B60}
		{A3F1C8E2-9B47-4D6A-8E21-7C4F0B91D5A8} = {86524F35-96CB-4E16-B63A-0E9554D27B60}
		{E84EEA7A-2269-4E2F-B5A7-41AE3E527368} = {86524F35-96CB-4E16-B63A-0E9554D27B60}
		{7E0E8A46-37DD-4D08-B2B1-A6A4DA473EF8} = {4FE3F94D-9B8B-46C5-9E11-601F5833E36B}
		{FEAA1D3C-10AA-4048-93A5-88C17B147440} = {86524F35-96CB-4E16-B63A-0E9554D27B60}
		{E6E362CA-AC31-4226-8AB2-48F98297F92B} = {86524F35-96CB-4E16-B63A-0E9554D27B60}
		{D383937C-58D8-4F46-81AB-1122616594D7} = {4FE3F94D-9B8B-46C5-9E11-601F5833E36B}
	EndGlobalSection
EndGlobal
